
Microsoft Visual Studio Solution File, Format Version 12.00
# Visual Studio Version 17
VisualStudioVersion = 17.8.34316.72
MinimumVisualStudioVersion = 10.0.40219.1
Project("{9A19103F-16F7-4668-BE54-9A1E7A4F7556}") = "AngularHotel.Shared", "AngularHotel.Shared\AngularHotel.Shared.csproj", "{275032C1-8864-4BE6-9588-3501D171DD56}"
EndProject
Project("{9A19103F-16F7-4668-BE54-9A1E7A4F7556}") = "AngularHotel.Server", "AngularHotel.Server\AngularHotel.Server.csproj", "{DAF124BF-3B66-41C1-80A4-17AAEFBA6DB6}"
EndProject
Project("{54A90642-561A-4BB1-A94E-469ADEE60C69}") = "AngularHotel.Client", "AngularHotel.Client\AngularHotel.Client.esproj", "{C47BE337-11F7-4936-93C0-F8354D13040C}"
EndProject
Global
	GlobalSection(SolutionConfigurationPlatforms) = preSolution
		Debug|Any CPU = Debug|Any CPU
		Release|Any CPU = Release|Any CPU
	EndGlobalSection
	GlobalSection(ProjectConfigurationPlatforms) = postSolution
		{275032C1-8864-4BE6-9588-3501D171DD56}.Debug|Any CPU.ActiveCfg = Debug|Any CPU
		{275032C1-8864-4BE6-9588-3501D171DD56}.Debug|Any CPU.Build.0 = Debug|Any CPU
		{275032C1-8864-4BE6-9588-3501D171DD56}.Release|Any CPU.ActiveCfg = Release|Any CPU
		{275032C1-8864-4BE6-9588-3501D171DD56}.Release|Any CPU.Build.0 = Release|Any CPU
		{DAF124BF-3B66-41C1-80A4-17AAEFBA6DB6}.Debug|Any CPU.ActiveCfg = Debug|Any CPU
		{DAF124BF-3B66-41C1-80A4-17AAEFBA6DB6}.Debug|Any CPU.Build.0 = Debug|Any CPU
		{DAF124BF-3B66-41C1-80A4-17AAEFBA6DB6}.Release|Any CPU.ActiveCfg = Release|Any CPU
		{DAF124BF-3B66-41C1-80A4-17AAEFBA6DB6}.Release|Any CPU.Build.0 = Release|Any CPU
		{C47BE337-11F7-4936-93C0-F8354D13040C}.Debug|Any CPU.ActiveCfg = Debug|Any CPU
		{C47BE337-11F7-4936-93C0-F8354D13040C}.Debug|Any CPU.Build.0 = Debug|Any CPU
		{C47BE337-11F7-4936-93C0-F8354D13040C}.Debug|Any CPU.Deploy.0 = Debug|Any CPU
		{C47BE337-11F7-4936-93C0-F8354D13040C}.Release|Any CPU.ActiveCfg = Release|Any CPU
		{C47BE337-11F7-4936-93C0-F8354D13040C}.Release|Any CPU.Build.0 = Release|Any CPU
		{C47BE337-11F7-4936-93C0-F8354D13040C}.Release|Any CPU.Deploy.0 = Release|Any CPU
	EndGlobalSection
	GlobalSection(SolutionProperties) = preSolution
		HideSolutionNode = FALSE
	EndGlobalSection
	GlobalSection(ExtensibilityGlobals) = postSolution
		SolutionGuid = {32FB45C6-8136-44D7-892B-F49C2EAC4B36}
	EndGlobalSection
EndGlobal
